
Microsoft Visual Studio Solution File, Format Version 12.00
# Visual Studio Version 17
VisualStudioVersion = 17.7.33906.173
MinimumVisualStudioVersion = 10.0.40219.1
Project("{FAE04EC0-301F-11D3-BF4B-00C04F79EFBC}") = "blazor-disqus", "blazor-disqus.csproj", "{DC74F8B9-C6FC-40D4-A3D5-8E76ECF2726C}"
EndProject
Global
	GlobalSection(SolutionConfigurationPlatforms) = preSolution
		Debug|Any CPU = Debug|Any CPU
		Release|Any CPU = Release|Any CPU
	EndGlobalSection
	GlobalSection(ProjectConfigurationPlatforms) = postSolution
		{DC74F8B9-C6FC-40D4-A3D5-8E76ECF2726C}.Debug|Any CPU.ActiveCfg = Debug|Any CPU
		{DC74F8B9-C6FC-40D4-A3D5-8E76ECF2726C}.Debug|Any CPU.Build.0 = Debug|Any CPU
		{DC74F8B9-C6FC-40D4-A3D5-8E76ECF2726C}.Release|Any CPU.ActiveCfg = Release|Any CPU
		{DC74F8B9-C6FC-40D4-A3D5-8E76ECF2726C}.Release|Any CPU.Build.0 = Release|Any CPU
	EndGlobalSection
	GlobalSection(SolutionProperties) = preSolution
		HideSolutionNode = FALSE
	EndGlobalSection
	GlobalSection(ExtensibilityGlobals) = postSolution
		SolutionGuid = {6B5995F9-9DBA-4BBB-A4D8-DAF67C22E7AE}
	EndGlobalSection
EndGlobal
